github.com/FortAwesome/Font-Awesome v0.0.0-20240402185447-c0f460dca7f7/go.mod h1:IUgezN/MFpCDIlFezw3L8j83oeiIuYoj28Miwr/KUYo=
github.com/KKKZOZ/hugo-admonitions v0.4.3 h1:0WabpMZhre8wqEB3eA1+jpMDlo9FCrioeYhvfX27qPA=
github.com/KKKZOZ/hugo-admonitions v0.4.3/go.mod h1:4PsJAsqo3mS3VzAtDLa8k0ds+CJQUWZhAo9kLi1NRlM=
github.com/alex-shpak/hugo-book v0.0.0-20241009212754-7c78a39c531a h1:GiRJQYc9Bt8H59/e0w/97i46Ql39CUIdDQjHikd9scA=
github.com/alex-shpak/hugo-book v0.0.0-20241009212754-7c78a39c531a/go.mod h1:L4NMyzbn15fpLIpmmtDg9ZFFyTZzw87/lk7M2bMQ7ds=
github.com/google/docsy v0.10.0 h1:6tMDacPwAyRWNCfvsn/9qGOZDQ8b0aRzjRZvnZPY5dg=
github.com/google/docsy v0.10.0/go.mod h1:c0nIAqmRTOuJ01F85U/wJPQtc3Zj9N58Kea9bOT2AJc=
github.com/hugomods/icons v0.6.6 h1:gGlafcBDRP7sSID+tgLcWdog+s/QBj8DIfU+h9tZj1U=
github.com/hugomods/icons v0.6.6/go.mod h1:cIkSvK6W0q6N4U6n9KGz+QfRWQXAW0INd+1P31gPNGg=
github.com/hugomods/icons/vendors/font-awesome v0.6.12 h1:I8ckJFuxr8mD8bJ4NX9NrmnHd3f6XvITuD2ME8a9wXc=
github.com/hugomods/icons/vendors/font-awesome v0.6.12/go.mod h1:6YBo/5GaNpAocKwnKNWcd9xkliiRJXmwz2mstY5lr9I=
github.com/twbs/bootstrap v5.3.3+incompatible/go.mod h1:fZTSrkpSf0/HkL0IIJzvVspTt1r9zuf7XlZau8kpcY0=
